{
  "name": "repo-review-dev",
  "version": "0.1.0",
  "lockfileVersion": 3,
  "requires": true,
  "packages": {
    "": {
      "name": "repo-review-dev",
      "version": "0.1.0",
      "devDependencies": {
        "editorconfig-checker": ">=5"
      }
    },
    "node_modules/editorconfig-checker": {
      "version": "6.1.1",
      "resolved": "https://registry.npmjs.org/editorconfig-checker/-/editorconfig-checker-6.1.1.tgz",
      "integrity": "sha512-kiOb6qaWpMNt7Z/43ba0Pa1Inhr2/t9nKbvEKtCeXJ5AesztoM9AgLOOQVB4QUv/nGjgz3xkbx4pcogVRD2NWw==",
      "dev": true,
      "license": "MIT",
      "bin": {
        "ec": "dist/index.js",
        "editorconfig-checker": "dist/index.js"
      },
      "engines": {
        "node": ">=20.11.0"
      },
      "funding": {
        "type": "buymeacoffee",
        "url": "https://www.buymeacoffee.com/mstruebing"
      }
    }
  }
}
